
Microsoft Visual Studio Solution File, Format Version 12.00
# Visual Studio Version 17
VisualStudioVersion = 17.8.34525.116
MinimumVisualStudioVersion = 10.0.40219.1
Project("{FAE04EC0-301F-11D3-BF4B-00C04F79EFBC}") = "RedLightVision", "RedLightVision\RedLightVision.csproj", "{05CB5E42-6043-4063-9AD7-399E08A00397}"
EndProject
Global
	GlobalSection(SolutionConfigurationPlatforms) = preSolution
		Debug|Any CPU = Debug|Any CPU
		Release|Any CPU = Release|Any CPU
	EndGlobalSection
	GlobalSection(ProjectConfigurationPlatforms) = postSolution
		{05CB5E42-6043-4063-9AD7-399E08A00397}.Debug|Any CPU.ActiveCfg = Debug|Any CPU
		{05CB5E42-6043-4063-9AD7-399E08A00397}.Debug|Any CPU.Build.0 = Debug|Any CPU
		{05CB5E42-6043-4063-9AD7-399E08A00397}.Release|Any CPU.ActiveCfg = Release|Any CPU
		{05CB5E42-6043-4063-9AD7-399E08A00397}.Release|Any CPU.Build.0 = Release|Any CPU
	EndGlobalSection
	GlobalSection(SolutionProperties) = preSolution
		HideSolutionNode = FALSE
	EndGlobalSection
	GlobalSection(ExtensibilityGlobals) = postSolution
		SolutionGuid = {2FD682A2-1CC6-4540-91F3-D6188192CB89}
	EndGlobalSection
EndGlobal
